
Microsoft Visual Studio Solution File, Format Version 12.00
# Visual Studio Version 17
VisualStudioVersion = 17.3.32825.248
MinimumVisualStudioVersion = 10.0.40219.1
Project("{FAE04EC0-301F-11D3-BF4B-00C04F79EFBC}") = "Shuvi", "Shuvi.csproj", "{6AEAC0F3-0558-46DC-9DA5-BD03D8E26CEB}"
EndProject
Global
	GlobalSection(SolutionConfigurationPlatforms) = preSolution
		Debug|Any CPU = Debug|Any CPU
		Release|Any CPU = Release|Any CPU
	EndGlobalSection
	GlobalSection(ProjectConfigurationPlatforms) = postSolution
		{6AEAC0F3-0558-46DC-9DA5-BD03D8E26CEB}.Debug|Any CPU.ActiveCfg = Debug|Any CPU
		{6AEAC0F3-0558-46DC-9DA5-BD03D8E26CEB}.Debug|Any CPU.Build.0 = Debug|Any CPU
		{6AEAC0F3-0558-46DC-9DA5-BD03D8E26CEB}.Release|Any CPU.ActiveCfg = Release|Any CPU
		{6AEAC0F3-0558-46DC-9DA5-BD03D8E26CEB}.Release|Any CPU.Build.0 = Release|Any CPU
	EndGlobalSection
	GlobalSection(SolutionProperties) = preSolution
		HideSolutionNode = FALSE
	EndGlobalSection
	GlobalSection(ExtensibilityGlobals) = postSolution
		SolutionGuid = {324DDF01-05CD-4C19-A41B-A62BBD3B2904}
	EndGlobalSection
EndGlobal
